
Microsoft Visual Studio Solution File, Format Version 12.00
# Visual Studio Version 16
VisualStudioVersion = 16.0.31019.35
MinimumVisualStudioVersion = 10.0.40219.1
Project("{FAE04EC0-301F-11D3-BF4B-00C04F79EFBC}") = "RealDon", "RealDon\RealDon.csproj", "{0ADC034E-3B43-4800-80F5-A0E5F27E5D51}"
EndProject
Global
	GlobalSection(SolutionConfigurationPlatforms) = preSolution
		Debug|Any CPU = Debug|Any CPU
		Release|Any CPU = Release|Any CPU
	EndGlobalSection
	GlobalSection(ProjectConfigurationPlatforms) = postSolution
		{0ADC034E-3B43-4800-80F5-A0E5F27E5D51}.Debug|Any CPU.ActiveCfg = Debug|Any CPU
		{0ADC034E-3B43-4800-80F5-A0E5F27E5D51}.Debug|Any CPU.Build.0 = Debug|Any CPU
		{0ADC034E-3B43-4800-80F5-A0E5F27E5D51}.Release|Any CPU.ActiveCfg = Release|Any CPU
		{0ADC034E-3B43-4800-80F5-A0E5F27E5D51}.Release|Any CPU.Build.0 = Release|Any CPU
	EndGlobalSection
	GlobalSection(SolutionProperties) = preSolution
		HideSolutionNode = FALSE
	EndGlobalSection
	GlobalSection(ExtensibilityGlobals) = postSolution
		SolutionGuid = {4130B9D9-DC83-499B-A3D5-42244FDEB3AB}
	EndGlobalSection
EndGlobal
